
Microsoft Visual Studio Solution File, Format Version 12.00
# Visual Studio Version 16
VisualStudioVersion = 25.0.1706.4
MinimumVisualStudioVersion = 10.0.40219.1
Project("{FAE04EC0-301F-11D3-BF4B-00C04F79EFBC}") = "ItlaTv", "ItlaTv\ItlaTv.csproj", "{0C51AE3F-7CF0-4EB5-858F-6FE9F1635493}"
EndProject
Project("{FAE04EC0-301F-11D3-BF4B-00C04F79EFBC}") = "Database", "Database\Database.csproj", "{3B295D18-F3E7-4805-9624-1DE0677DF855}"
EndProject
Global
	GlobalSection(SolutionConfigurationPlatforms) = preSolution
		Debug|Any CPU = Debug|Any CPU
		Release|Any CPU = Release|Any CPU
	EndGlobalSection
	GlobalSection(ProjectConfigurationPlatforms) = postSolution
		{0C51AE3F-7CF0-4EB5-858F-6FE9F1635493}.Debug|Any CPU.ActiveCfg = Debug|Any CPU
		{0C51AE3F-7CF0-4EB5-858F-6FE9F1635493}.Debug|Any CPU.Build.0 = Debug|Any CPU
		{0C51AE3F-7CF0-4EB5-858F-6FE9F1635493}.Release|Any CPU.ActiveCfg = Release|Any CPU
		{0C51AE3F-7CF0-4EB5-858F-6FE9F1635493}.Release|Any CPU.Build.0 = Release|Any CPU
		{3B295D18-F3E7-4805-9624-1DE0677DF855}.Debug|Any CPU.ActiveCfg = Debug|Any CPU
		{3B295D18-F3E7-4805-9624-1DE0677DF855}.Debug|Any CPU.Build.0 = Debug|Any CPU
		{3B295D18-F3E7-4805-9624-1DE0677DF855}.Release|Any CPU.ActiveCfg = Release|Any CPU
		{3B295D18-F3E7-4805-9624-1DE0677DF855}.Release|Any CPU.Build.0 = Release|Any CPU
	EndGlobalSection
	GlobalSection(SolutionProperties) = preSolution
		HideSolutionNode = FALSE
	EndGlobalSection
	GlobalSection(ExtensibilityGlobals) = postSolution
		SolutionGuid = {BF90BE6A-C15C-4009-880F-10777862F70B}
	EndGlobalSection
EndGlobal
